
Microsoft Visual Studio Solution File, Format Version 12.00
# Visual Studio 2013
VisualStudioVersion = 12.0.31101.0
MinimumVisualStudioVersion = 10.0.40219.1
Project("{FAE04EC0-301F-11D3-BF4B-00C04F79EFBC}") = "Reversi", "Reversi\Reversi\Reversi.csproj", "{2EDEBF3D-D94F-46CC-BFFE-B38402DB82CC}"
EndProject
Project("{96E2B04D-8817-42C6-938A-82C39BA4D311}") = "ReversiContent", "Reversi\ReversiContent\ReversiContent.contentproj", "{163A072C-DCC7-4202-9C54-72C187FAC4F2}"
EndProject
Global
	GlobalSection(SolutionConfigurationPlatforms) = preSolution
		Debug|x86 = Debug|x86
		Release|x86 = Release|x86
	EndGlobalSection
	GlobalSection(ProjectConfigurationPlatforms) = postSolution
		{2EDEBF3D-D94F-46CC-BFFE-B38402DB82CC}.Debug|x86.ActiveCfg = Debug|x86
		{2EDEBF3D-D94F-46CC-BFFE-B38402DB82CC}.Debug|x86.Build.0 = Debug|x86
		{2EDEBF3D-D94F-46CC-BFFE-B38402DB82CC}.Release|x86.ActiveCfg = Release|x86
		{2EDEBF3D-D94F-46CC-BFFE-B38402DB82CC}.Release|x86.Build.0 = Release|x86
		{163A072C-DCC7-4202-9C54-72C187FAC4F2}.Debug|x86.ActiveCfg = Debug|x86
		{163A072C-DCC7-4202-9C54-72C187FAC4F2}.Release|x86.ActiveCfg = Release|x86
	EndGlobalSection
	GlobalSection(SolutionProperties) = preSolution
		HideSolutionNode = FALSE
	EndGlobalSection
EndGlobal
